
Microsoft Visual Studio Solution File, Format Version 12.00
# Visual Studio Version 17
VisualStudioVersion = 17.3.32819.101
MinimumVisualStudioVersion = 10.0.40219.1
Project("{FAE04EC0-301F-11D3-BF4B-00C04F79EFBC}") = "BLL", "BLL\BLL.csproj", "{D55B3C70-ADF0-43AB-A0D7-1A68545F52E9}"
EndProject
Project("{FAE04EC0-301F-11D3-BF4B-00C04F79EFBC}") = "DAL", "DAL\DAL.csproj", "{8E1D0F9C-C8FB-41D2-9FED-A212C3023035}"
EndProject
Project("{FAE04EC0-301F-11D3-BF4B-00C04F79EFBC}") = "BloodDonate", "BloodDonate\BloodDonate.csproj", "{01FE0002-8FFA-4725-8933-E367E4C9F09B}"
EndProject
Global
	GlobalSection(SolutionConfigurationPlatforms) = preSolution
		Debug|Any CPU = Debug|Any CPU
		Release|Any CPU = Release|Any CPU
	EndGlobalSection
	GlobalSection(ProjectConfigurationPlatforms) = postSolution
		{D55B3C70-ADF0-43AB-A0D7-1A68545F52E9}.Debug|Any CPU.ActiveCfg = Debug|Any CPU
		{D55B3C70-ADF0-43AB-A0D7-1A68545F52E9}.Debug|Any CPU.Build.0 = Debug|Any CPU
		{D55B3C70-ADF0-43AB-A0D7-1A68545F52E9}.Release|Any CPU.ActiveCfg = Release|Any CPU
		{D55B3C70-ADF0-43AB-A0D7-1A68545F52E9}.Release|Any CPU.Build.0 = Release|Any CPU
		{8E1D0F9C-C8FB-41D2-9FED-A212C3023035}.Debug|Any CPU.ActiveCfg = Debug|Any CPU
		{8E1D0F9C-C8FB-41D2-9FED-A212C3023035}.Debug|Any CPU.Build.0 = Debug|Any CPU
		{8E1D0F9C-C8FB-41D2-9FED-A212C3023035}.Release|Any CPU.ActiveCfg = Release|Any CPU
		{8E1D0F9C-C8FB-41D2-9FED-A212C3023035}.Release|Any CPU.Build.0 = Release|Any CPU
		{01FE0002-8FFA-4725-8933-E367E4C9F09B}.Debug|Any CPU.ActiveCfg = Debug|Any CPU
		{01FE0002-8FFA-4725-8933-E367E4C9F09B}.Debug|Any CPU.Build.0 = Debug|Any CPU
		{01FE0002-8FFA-4725-8933-E367E4C9F09B}.Release|Any CPU.ActiveCfg = Release|Any CPU
		{01FE0002-8FFA-4725-8933-E367E4C9F09B}.Release|Any CPU.Build.0 = Release|Any CPU
	EndGlobalSection
	GlobalSection(SolutionProperties) = preSolution
		HideSolutionNode = FALSE
	EndGlobalSection
	GlobalSection(ExtensibilityGlobals) = postSolution
		SolutionGuid = {74F2E946-94F2-48D5-92A9-D12E36833665}
	EndGlobalSection
EndGlobal
