
Microsoft Visual Studio Solution File, Format Version 12.00
# Visual Studio Version 17
VisualStudioVersion = 17.3.32819.101
MinimumVisualStudioVersion = 10.0.40219.1
Project("{FAE04EC0-301F-11D3-BF4B-00C04F79EFBC}") = "eCommerce", "eCommerce\eCommerce.csproj", "{771AFF92-3AA7-47BC-833C-3DCC5B027BAF}"
EndProject
Global
	GlobalSection(SolutionConfigurationPlatforms) = preSolution
		Debug|Any CPU = Debug|Any CPU
		Release|Any CPU = Release|Any CPU
	EndGlobalSection
	GlobalSection(ProjectConfigurationPlatforms) = postSolution
		{771AFF92-3AA7-47BC-833C-3DCC5B027BAF}.Debug|Any CPU.ActiveCfg = Debug|Any CPU
		{771AFF92-3AA7-47BC-833C-3DCC5B027BAF}.Debug|Any CPU.Build.0 = Debug|Any CPU
		{771AFF92-3AA7-47BC-833C-3DCC5B027BAF}.Release|Any CPU.ActiveCfg = Release|Any CPU
		{771AFF92-3AA7-47BC-833C-3DCC5B027BAF}.Release|Any CPU.Build.0 = Release|Any CPU
	EndGlobalSection
	GlobalSection(SolutionProperties) = preSolution
		HideSolutionNode = FALSE
	EndGlobalSection
	GlobalSection(ExtensibilityGlobals) = postSolution
		SolutionGuid = {9041F15F-543B-40D8-8C9F-312E95C0407E}
	EndGlobalSection
EndGlobal
