
Microsoft Visual Studio Solution File, Format Version 12.00
# Visual Studio Version 17
VisualStudioVersion = 17.3.32819.101
MinimumVisualStudioVersion = 10.0.40219.1
Project("{FAE04EC0-301F-11D3-BF4B-00C04F79EFBC}") = "LoginSystem", "LoginSystem\LoginSystem.csproj", "{FCEE1FE0-7899-4466-869C-69FAFA21305C}"
EndProject
Global
	GlobalSection(SolutionConfigurationPlatforms) = preSolution
		Debug|Any CPU = Debug|Any CPU
		Release|Any CPU = Release|Any CPU
	EndGlobalSection
	GlobalSection(ProjectConfigurationPlatforms) = postSolution
		{FCEE1FE0-7899-4466-869C-69FAFA21305C}.Debug|Any CPU.ActiveCfg = Debug|Any CPU
		{FCEE1FE0-7899-4466-869C-69FAFA21305C}.Debug|Any CPU.Build.0 = Debug|Any CPU
		{FCEE1FE0-7899-4466-869C-69FAFA21305C}.Release|Any CPU.ActiveCfg = Release|Any CPU
		{FCEE1FE0-7899-4466-869C-69FAFA21305C}.Release|Any CPU.Build.0 = Release|Any CPU
	EndGlobalSection
	GlobalSection(SolutionProperties) = preSolution
		HideSolutionNode = FALSE
	EndGlobalSection
	GlobalSection(ExtensibilityGlobals) = postSolution
		SolutionGuid = {22DF3F70-7BE3-4710-AA2F-A0E336784E89}
	EndGlobalSection
EndGlobal
